
Microsoft Visual Studio Solution File, Format Version 12.00
# Visual Studio Version 16
VisualStudioVersion = 16.0.30611.23
MinimumVisualStudioVersion = 10.0.40219.1
Project("{9A19103F-16F7-4668-BE54-9A1E7A4F7556}") = "Yaapii.Atoms", "src\Yaapii.Atoms\Yaapii.Atoms.csproj", "{2F5E5C9F-A1C1-46EE-BE06-94B36E65F888}"
EndProject
Project("{9A19103F-16F7-4668-BE54-9A1E7A4F7556}") = "Yaapii.Atoms.Tests", "tests\Yaapii.Atoms.Tests\Yaapii.Atoms.Tests.csproj", "{EF7ABB27-5BCB-4CFF-AE84-7CC7CEEA8A60}"
EndProject
Project("{2150E333-8FDC-42A3-9474-1A3956D46DE8}") = "Assets", "Assets", "{5FD3135C-F443-4396-8FF5-F278409C5418}"
	ProjectSection(SolutionItems) = preProject
		.editorconfig = .editorconfig
		.gitignore = .gitignore
		appveyor.yml = appveyor.yml
		build.cake = build.cake
		build.ps1 = build.ps1
		codecov.yml = codecov.yml
		LICENSE.txt = LICENSE.txt
		README.md = README.md
	EndProjectSection
EndProject
Project("{2150E333-8FDC-42A3-9474-1A3956D46DE8}") = "Tests", "Tests", "{466C3FC5-7B3E-4102-B705-6787D47E8893}"
EndProject
Global
	GlobalSection(SolutionConfigurationPlatforms) = preSolution
		Debug|Any CPU = Debug|Any CPU
		Release|Any CPU = Release|Any CPU
	EndGlobalSection
	GlobalSection(ProjectConfigurationPlatforms) = postSolution
		{2F5E5C9F-A1C1-46EE-BE06-94B36E65F888}.Debug|Any CPU.ActiveCfg = Debug|Any CPU
		{2F5E5C9F-A1C1-46EE-BE06-94B36E65F888}.Debug|Any CPU.Build.0 = Debug|Any CPU
		{2F5E5C9F-A1C1-46EE-BE06-94B36E65F888}.Release|Any CPU.ActiveCfg = Release|Any CPU
		{2F5E5C9F-A1C1-46EE-BE06-94B36E65F888}.Release|Any CPU.Build.0 = Release|Any CPU
		{EF7ABB27-5BCB-4CFF-AE84-7CC7CEEA8A60}.Debug|Any CPU.ActiveCfg = Debug|Any CPU
		{EF7ABB27-5BCB-4CFF-AE84-7CC7CEEA8A60}.Debug|Any CPU.Build.0 = Debug|Any CPU
		{EF7ABB27-5BCB-4CFF-AE84-7CC7CEEA8A60}.Release|Any CPU.ActiveCfg = Release|Any CPU
		{EF7ABB27-5BCB-4CFF-AE84-7CC7CEEA8A60}.Release|Any CPU.Build.0 = Release|Any CPU
	EndGlobalSection
	GlobalSection(SolutionProperties) = preSolution
		HideSolutionNode = FALSE
	EndGlobalSection
	GlobalSection(NestedProjects) = preSolution
		{EF7ABB27-5BCB-4CFF-AE84-7CC7CEEA8A60} = {466C3FC5-7B3E-4102-B705-6787D47E8893}
	EndGlobalSection
	GlobalSection(ExtensibilityGlobals) = postSolution
		SolutionGuid = {52CB0F65-900D-457E-A483-CFAB6B6221BA}
	EndGlobalSection
EndGlobal
